
Microsoft Visual Studio Solution File, Format Version 12.00
# Visual Studio 2012
Project("{2150E333-8FDC-42A3-9474-1A3956D46DE8}") = "Solution Items", "Solution Items", "{A5BE040F-1F93-44DC-8868-C3539D99D44C}"
	ProjectSection(SolutionItems) = preProject
		DevText.vsmdi = DevText.vsmdi
		Local.testsettings = Local.testsettings
		TraceAndTestImpact.testsettings = TraceAndTestImpact.testsettings
	EndProjectSection
EndProject
Project("{2150E333-8FDC-42A3-9474-1A3956D46DE8}") = "Lib", "Lib", "{81C22312-1065-43DD-953F-3F9E64DB8474}"
	ProjectSection(SolutionItems) = preProject
		Lib\Codingwell.Utility.dll = Lib\Codingwell.Utility.dll
		Lib\log4net.dll = Lib\log4net.dll
		Lib\Microsoft.Practices.ServiceLocation.dll = Lib\Microsoft.Practices.ServiceLocation.dll
		Lib\Microsoft.Practices.Unity.Configuration.dll = Lib\Microsoft.Practices.Unity.Configuration.dll
		Lib\Microsoft.Practices.Unity.dll = Lib\Microsoft.Practices.Unity.dll
		Lib\Newtonsoft.Json.Net20.dll = Lib\Newtonsoft.Json.Net20.dll
	EndProjectSection
EndProject
Project("{2150E333-8FDC-42A3-9474-1A3956D46DE8}") = ".nuget", ".nuget", "{F5C1E304-E23A-477E-BF47-E24D6FCDBFBF}"
	ProjectSection(SolutionItems) = preProject
		.nuget\NuGet.exe = .nuget\NuGet.exe
		.nuget\NuGet.targets = .nuget\NuGet.targets
	EndProjectSection
EndProject
Project("{FAE04EC0-301F-11D3-BF4B-00C04F79EFBC}") = "DevTextSite", "DevTextSite\DevTextSite.csproj", "{833C6CF8-2D83-42C6-90E8-88B7AE662FD0}"
EndProject
Project("{FAE04EC0-301F-11D3-BF4B-00C04F79EFBC}") = "Codingwell.DevText.Controller", "Codingwell.DevText.Controller\Codingwell.DevText.Controller.csproj", "{4A8F5229-8EDB-4561-9BE6-F58D386728CD}"
EndProject
Project("{FAE04EC0-301F-11D3-BF4B-00C04F79EFBC}") = "Codingwell.DevText.Model", "Codingwell.DevText.Model\Codingwell.DevText.Model.csproj", "{2FB57A81-742F-4CAE-A3C9-36E1380E4C24}"
EndProject
Project("{FAE04EC0-301F-11D3-BF4B-00C04F79EFBC}") = "Codingwell.DevText.UnitTest", "Codingwell.DevText.UnitTest\Codingwell.DevText.UnitTest.csproj", "{EC91A1F5-779F-47D1-ACB3-83D034246809}"
EndProject
Project("{FAE04EC0-301F-11D3-BF4B-00C04F79EFBC}") = "Codingwell.DevText.Utility", "Codingwell.DevText.Utility\Codingwell.DevText.Utility.csproj", "{D4DC7553-98C1-4AA7-AC49-4247505F30B0}"
EndProject
Project("{FAE04EC0-301F-11D3-BF4B-00C04F79EFBC}") = "Codingwell.DevText.Service", "Codingwell.DevText.Service\Codingwell.DevText.Service.csproj", "{782395CA-2843-4B5F-8B18-46CF7A6512B5}"
EndProject
Project("{FAE04EC0-301F-11D3-BF4B-00C04F79EFBC}") = "Codingwell.DevText.Data", "Codingwell.DevText.Data\Codingwell.DevText.Data.csproj", "{7702888E-89EB-4E6C-B83C-2BAC3C408AB0}"
EndProject
Project("{FAE04EC0-301F-11D3-BF4B-00C04F79EFBC}") = "UpdateUrlConsole", "UpdateUrlConsole\UpdateUrlConsole.csproj", "{B92EEF58-B253-4950-8413-8EF0EB882D2B}"
EndProject
Global
	GlobalSection(TestCaseManagementSettings) = postSolution
		CategoryFile = DevText.vsmdi
	EndGlobalSection
	GlobalSection(SolutionConfigurationPlatforms) = preSolution
		Debug|Any CPU = Debug|Any CPU
		Release|Any CPU = Release|Any CPU
	EndGlobalSection
	GlobalSection(ProjectConfigurationPlatforms) = postSolution
		{833C6CF8-2D83-42C6-90E8-88B7AE662FD0}.Debug|Any CPU.ActiveCfg = Debug|Any CPU
		{833C6CF8-2D83-42C6-90E8-88B7AE662FD0}.Debug|Any CPU.Build.0 = Debug|Any CPU
		{833C6CF8-2D83-42C6-90E8-88B7AE662FD0}.Release|Any CPU.ActiveCfg = Release|Any CPU
		{833C6CF8-2D83-42C6-90E8-88B7AE662FD0}.Release|Any CPU.Build.0 = Release|Any CPU
		{4A8F5229-8EDB-4561-9BE6-F58D386728CD}.Debug|Any CPU.ActiveCfg = Debug|Any CPU
		{4A8F5229-8EDB-4561-9BE6-F58D386728CD}.Debug|Any CPU.Build.0 = Debug|Any CPU
		{4A8F5229-8EDB-4561-9BE6-F58D386728CD}.Release|Any CPU.ActiveCfg = Release|Any CPU
		{4A8F5229-8EDB-4561-9BE6-F58D386728CD}.Release|Any CPU.Build.0 = Release|Any CPU
		{2FB57A81-742F-4CAE-A3C9-36E1380E4C24}.Debug|Any CPU.ActiveCfg = Debug|Any CPU
		{2FB57A81-742F-4CAE-A3C9-36E1380E4C24}.Debug|Any CPU.Build.0 = Debug|Any CPU
		{2FB57A81-742F-4CAE-A3C9-36E1380E4C24}.Release|Any CPU.ActiveCfg = Release|Any CPU
		{2FB57A81-742F-4CAE-A3C9-36E1380E4C24}.Release|Any CPU.Build.0 = Release|Any CPU
		{EC91A1F5-779F-47D1-ACB3-83D034246809}.Debug|Any CPU.ActiveCfg = Debug|Any CPU
		{EC91A1F5-779F-47D1-ACB3-83D034246809}.Debug|Any CPU.Build.0 = Debug|Any CPU
		{EC91A1F5-779F-47D1-ACB3-83D034246809}.Release|Any CPU.ActiveCfg = Release|Any CPU
		{EC91A1F5-779F-47D1-ACB3-83D034246809}.Release|Any CPU.Build.0 = Release|Any CPU
		{D4DC7553-98C1-4AA7-AC49-4247505F30B0}.Debug|Any CPU.ActiveCfg = Debug|Any CPU
		{D4DC7553-98C1-4AA7-AC49-4247505F30B0}.Debug|Any CPU.Build.0 = Debug|Any CPU
		{D4DC7553-98C1-4AA7-AC49-4247505F30B0}.Release|Any CPU.ActiveCfg = Release|Any CPU
		{D4DC7553-98C1-4AA7-AC49-4247505F30B0}.Release|Any CPU.Build.0 = Release|Any CPU
		{782395CA-2843-4B5F-8B18-46CF7A6512B5}.Debug|Any CPU.ActiveCfg = Debug|Any CPU
		{782395CA-2843-4B5F-8B18-46CF7A6512B5}.Debug|Any CPU.Build.0 = Debug|Any CPU
		{782395CA-2843-4B5F-8B18-46CF7A6512B5}.Release|Any CPU.ActiveCfg = Release|Any CPU
		{782395CA-2843-4B5F-8B18-46CF7A6512B5}.Release|Any CPU.Build.0 = Release|Any CPU
		{7702888E-89EB-4E6C-B83C-2BAC3C408AB0}.Debug|Any CPU.ActiveCfg = Debug|Any CPU
		{7702888E-89EB-4E6C-B83C-2BAC3C408AB0}.Debug|Any CPU.Build.0 = Debug|Any CPU
		{7702888E-89EB-4E6C-B83C-2BAC3C408AB0}.Release|Any CPU.ActiveCfg = Release|Any CPU
		{7702888E-89EB-4E6C-B83C-2BAC3C408AB0}.Release|Any CPU.Build.0 = Release|Any CPU
		{B92EEF58-B253-4950-8413-8EF0EB882D2B}.Debug|Any CPU.ActiveCfg = Debug|Any CPU
		{B92EEF58-B253-4950-8413-8EF0EB882D2B}.Debug|Any CPU.Build.0 = Debug|Any CPU
		{B92EEF58-B253-4950-8413-8EF0EB882D2B}.Release|Any CPU.ActiveCfg = Release|Any CPU
		{B92EEF58-B253-4950-8413-8EF0EB882D2B}.Release|Any CPU.Build.0 = Release|Any CPU
	EndGlobalSection
	GlobalSection(SolutionProperties) = preSolution
		HideSolutionNode = FALSE
	EndGlobalSection
EndGlobal
